// !$*UTF8*$!
{
	archiveVersion = 1;
	classes = {
	};
	objectVersion = 50;
	objects = {

/* Begin PBXBuildFile section */
		071D7DA222315A4D002D609E /* CommentViewController.swift in Sources */ = {isa = PBXBuildFile; fileRef = 071D7DA122315A4D002D609E /* CommentViewController.swift */; };
		071D7DA42231600E002D609E /* FirebaseDBManager.swift in Sources */ = {isa = PBXBuildFile; fileRef = 071D7DA32231600E002D609E /* FirebaseDBManager.swift */; };
		071D7DA622316F83002D609E /* CommentTableViewCell.swift in Sources */ = {isa = PBXBuildFile; fileRef = 071D7DA522316F83002D609E /* CommentTableViewCell.swift */; };
		071D7DA9223173DA002D609E /* MovieReviewModel.swift in Sources */ = {isa = PBXBuildFile; fileRef = 071D7DA8223173DA002D609E /* MovieReviewModel.swift */; };
		333A3302223113DA00806210 /* AppDelegate.swift in Sources */ = {isa = PBXBuildFile; fileRef = 333A3301223113DA00806210 /* AppDelegate.swift */; };
		333A3307223113DA00806210 /* Main.storyboard in Resources */ = {isa = PBXBuildFile; fileRef = 333A3305223113DA00806210 /* Main.storyboard */; };
		333A3309223113DB00806210 /* Assets.xcassets in Resources */ = {isa = PBXBuildFile; fileRef = 333A3308223113DB00806210 /* Assets.xcassets */; };
		333A330C223113DB00806210 /* LaunchScreen.storyboard in Resources */ = {isa = PBXBuildFile; fileRef = 333A330A223113DB00806210 /* LaunchScreen.storyboard */; };
		333A33142231183500806210 /* GoogleService-Info.plist in Resources */ = {isa = PBXBuildFile; fileRef = 333A33132231182D00806210 /* GoogleService-Info.plist */; };
		336B6E3B22311D430003D154 /* LoginViewController.swift in Sources */ = {isa = PBXBuildFile; fileRef = 336B6E3A22311D430003D154 /* LoginViewController.swift */; };
		336B6E3D22311EE20003D154 /* RegisterViewController.swift in Sources */ = {isa = PBXBuildFile; fileRef = 336B6E3C22311EE20003D154 /* RegisterViewController.swift */; };
		336B6E3F223120A10003D154 /* MessageTool.swift in Sources */ = {isa = PBXBuildFile; fileRef = 336B6E3E223120A10003D154 /* MessageTool.swift */; };
		336B6E41223129AE0003D154 /* DiscussionViewController.swift in Sources */ = {isa = PBXBuildFile; fileRef = 336B6E40223129AE0003D154 /* DiscussionViewController.swift */; };
		6143EFD5602D59D6CD1EBD9A /* Pods_iOSFirebaseSample.framework in Frameworks */ = {isa = PBXBuildFile; fileRef = F9C56F5123284D183993FC10 /* Pods_iOSFirebaseSample.framework */; };
/* End PBXBuildFile section */

/* Begin PBXCopyFilesBuildPhase section */
		336B6E3922311B160003D154 /* Embed Frameworks */ = {
			isa = PBXCopyFilesBuildPhase;
			buildActionMask = 2147483647;
			dstPath = "";
			dstSubfolderSpec = 10;
			files = (
			);
			name = "Embed Frameworks";
			runOnlyForDeploymentPostprocessing = 0;
		};
/* End PBXCopyFilesBuildPhase section */

/* Begin PBXFileReference section */
		071D7DA122315A4D002D609E /* CommentViewController.swift */ = {isa = PBXFileReference; lastKnownFileType = sourcecode.swift; path = CommentViewController.swift; sourceTree = "<group>"; };
		071D7DA32231600E002D609E /* FirebaseDBManager.swift */ = {isa = PBXFileReference; lastKnownFileType = sourcecode.swift; path = FirebaseDBManager.swift; sourceTree = "<group>"; };
		071D7DA522316F83002D609E /* CommentTableViewCell.swift */ = {isa = PBXFileReference; lastKnownFileType = sourcecode.swift; path = CommentTableViewCell.swift; sourceTree = "<group>"; };
		071D7DA8223173DA002D609E /* MovieReviewModel.swift */ = {isa = PBXFileReference; lastKnownFileType = sourcecode.swift; path = MovieReviewModel.swift; sourceTree = "<group>"; };
		333A32FE223113DA00806210 /* iOSFirebaseSample.app */ = {isa = PBXFileReference; explicitFileType = wrapper.application; includeInIndex = 0; path = iOSFirebaseSample.app; sourceTree = BUILT_PRODUCTS_DIR; };
		333A3301223113DA00806210 /* AppDelegate.swift */ = {isa = PBXFileReference; lastKnownFileType = sourcecode.swift; path = AppDelegate.swift; sourceTree = "<group>"; };
		333A3306223113DA00806210 /* Base */ = {isa = PBXFileReference; lastKnownFileType = file.storyboard; name = Base; path = Base.lproj/Main.storyboard; sourceTree = "<group>"; };
		333A3308223113DB00806210 /* Assets.xcassets */ = {isa = PBXFileReference; lastKnownFileType = folder.assetcatalog; path = Assets.xcassets; sourceTree = "<group>"; };
		333A330B223113DB00806210 /* Base */ = {isa = PBXFileReference; lastKnownFileType = file.storyboard; name = Base; path = Base.lproj/LaunchScreen.storyboard; sourceTree = "<group>"; };
		333A330D223113DB00806210 /* Info.plist */ = {isa = PBXFileReference; lastKnownFileType = text.plist.xml; path = Info.plist; sourceTree = "<group>"; };
		333A33132231182D00806210 /* GoogleService-Info.plist */ = {isa = PBXFileReference; fileEncoding = 4; lastKnownFileType = text.plist.xml; path = "GoogleService-Info.plist"; sourceTree = "<group>"; };
		336B6E3422311AF50003D154 /* FirebaseCore.framework */ = {isa = PBXFileReference; explicitFileType = wrapper.framework; path = FirebaseCore.framework; sourceTree = BUILT_PRODUCTS_DIR; };
		336B6E3A22311D430003D154 /* LoginViewController.swift */ = {isa = PBXFileReference; lastKnownFileType = sourcecode.swift; path = LoginViewController.swift; sourceTree = "<group>"; };
		336B6E3C22311EE20003D154 /* RegisterViewController.swift */ = {isa = PBXFileReference; lastKnownFileType = sourcecode.swift; path = RegisterViewController.swift; sourceTree = "<group>"; };
		336B6E3E223120A10003D154 /* MessageTool.swift */ = {isa = PBXFileReference; lastKnownFileType = sourcecode.swift; path = MessageTool.swift; sourceTree = "<group>"; };
		336B6E40223129AE0003D154 /* DiscussionViewController.swift */ = {isa = PBXFileReference; lastKnownFileType = sourcecode.swift; path = DiscussionViewController.swift; sourceTree = "<group>"; };
		A1E13DD07F1ACF75AA139D37 /* Pods-iOSFirebaseSample.debug.xcconfig */ = {isa = PBXFileReference; includeInIndex = 1; lastKnownFileType = text.xcconfig; name = "Pods-iOSFirebaseSample.debug.xcconfig"; path = "Pods/Target Support Files/Pods-iOSFirebaseSample/Pods-iOSFirebaseSample.debug.xcconfig"; sourceTree = "<group>"; };
		A607B573D922804920945A6E /* Pods-iOSFirebaseSample.release.xcconfig */ = {isa = PBXFileReference; includeInIndex = 1; lastKnownFileType = text.xcconfig; name = "Pods-iOSFirebaseSample.release.xcconfig"; path = "Pods/Target Support Files/Pods-iOSFirebaseSample/Pods-iOSFirebaseSample.release.xcconfig"; sourceTree = "<group>"; };
		F9C56F5123284D183993FC10 /* Pods_iOSFirebaseSample.framework */ = {isa = PBXFileReference; explicitFileType = wrapper.framework; includeInIndex = 0; path = Pods_iOSFirebaseSample.framework; sourceTree = BUILT_PRODUCTS_DIR; };
/* End PBXFileReference section */

/* Begin PBXFrameworksBuildPhase section */
		333A32FB223113DA00806210 /* Frameworks */ = {
			isa = PBXFrameworksBuildPhase;
			buildActionMask = 2147483647;
			files = (
				6143EFD5602D59D6CD1EBD9A /* Pods_iOSFirebaseSample.framework in Frameworks */,
			);
			runOnlyForDeploymentPostprocessing = 0;
		};
/* End PBXFrameworksBuildPhase section */

/* Begin PBXGroup section */
		071D7DA7223173C1002D609E /* Model */ = {
			isa = PBXGroup;
			children = (
				071D7DA8223173DA002D609E /* MovieReviewModel.swift */,
			);
			path = Model;
			sourceTree = "<group>";
		};
		333A32F5223113DA00806210 = {
			isa = PBXGroup;
			children = (
				333A3300223113DA00806210 /* iOSFirebaseSample */,
				333A32FF223113DA00806210 /* Products */,
				336B6E3322311AF50003D154 /* Frameworks */,
				8E37FE198AC8B31AF517D9A6 /* Pods */,
			);
			sourceTree = "<group>";
		};
		333A32FF223113DA00806210 /* Products */ = {
			isa = PBXGroup;
			children = (
				333A32FE223113DA00806210 /* iOSFirebaseSample.app */,
			);
			name = Products;
			sourceTree = "<group>";
		};
		333A3300223113DA00806210 /* iOSFirebaseSample */ = {
			isa = PBXGroup;
			children = (
				071D7DA7223173C1002D609E /* Model */,
				333A3301223113DA00806210 /* AppDelegate.swift */,
				336B6E3A22311D430003D154 /* LoginViewController.swift */,
				336B6E3C22311EE20003D154 /* RegisterViewController.swift */,
				336B6E40223129AE0003D154 /* DiscussionViewController.swift */,
				071D7DA522316F83002D609E /* CommentTableViewCell.swift */,
				071D7DA122315A4D002D609E /* CommentViewController.swift */,
				336B6E3E223120A10003D154 /* MessageTool.swift */,
				071D7DA32231600E002D609E /* FirebaseDBManager.swift */,
				333A3305223113DA00806210 /* Main.storyboard */,
				333A3308223113DB00806210 /* Assets.xcassets */,
				333A330A223113DB00806210 /* LaunchScreen.storyboard */,
				333A330D223113DB00806210 /* Info.plist */,
				333A33132231182D00806210 /* GoogleService-Info.plist */,
			);
			path = iOSFirebaseSample;
			sourceTree = "<group>";
		};
		336B6E3322311AF50003D154 /* Frameworks */ = {
			isa = PBXGroup;
			children = (
				336B6E3422311AF50003D154 /* FirebaseCore.framework */,
				F9C56F5123284D183993FC10 /* Pods_iOSFirebaseSample.framework */,
			);
			name = Frameworks;
			sourceTree = "<group>";
		};
		8E37FE198AC8B31AF517D9A6 /* Pods */ = {
			isa = PBXGroup;
			children = (
				A1E13DD07F1ACF75AA139D37 /* Pods-iOSFirebaseSample.debug.xcconfig */,
				A607B573D922804920945A6E /* Pods-iOSFirebaseSample.release.xcconfig */,
			);
			name = Pods;
			sourceTree = "<group>";
		};
/* End PBXGroup section */

/* Begin PBXNativeTarget section */
		333A32FD223113DA00806210 /* iOSFirebaseSample */ = {
			isa = PBXNativeTarget;
			buildConfigurationList = 333A3310223113DB00806210 /* Build configuration list for PBXNativeTarget "iOSFirebaseSample" */;
			buildPhases = (
				3D1DE22A5C8075C0B095FCC9 /* [CP] Check Pods Manifest.lock */,
				333A32FA223113DA00806210 /* Sources */,
				333A32FB223113DA00806210 /* Frameworks */,
				333A32FC223113DA00806210 /* Resources */,
				336B6E3922311B160003D154 /* Embed Frameworks */,
				C2901624F6E27854BEC059F3 /* [CP] Embed Pods Frameworks */,
			);
			buildRules = (
			);
			dependencies = (
			);
			name = iOSFirebaseSample;
			productName = iOSFirebaseSample;
			productReference = 333A32FE223113DA00806210 /* iOSFirebaseSample.app */;
			productType = "com.apple.product-type.application";
		};
/* End PBXNativeTarget section */

/* Begin PBXProject section */
		333A32F6223113DA00806210 /* Project object */ = {
			isa = PBXProject;
			attributes = {
				LastSwiftUpdateCheck = 1010;
				LastUpgradeCheck = 1010;
				ORGANIZATIONNAME = HungCLo;
				TargetAttributes = {
					333A32FD223113DA00806210 = {
						CreatedOnToolsVersion = 10.1;
					};
				};
			};
			buildConfigurationList = 333A32F9223113DA00806210 /* Build configuration list for PBXProject "iOSFirebaseSample" */;
			compatibilityVersion = "Xcode 9.3";
			developmentRegion = en;
			hasScannedForEncodings = 0;
			knownRegions = (
				en,
				Base,
			);
			mainGroup = 333A32F5223113DA00806210;
			productRefGroup = 333A32FF223113DA00806210 /* Products */;
			projectDirPath = "";
			projectRoot = "";
			targets = (
				333A32FD223113DA00806210 /* iOSFirebaseSample */,
			);
		};
/* End PBXProject section */

/* Begin PBXResourcesBuildPhase section */
		333A32FC223113DA00806210 /* Resources */ = {
			isa = PBXResourcesBuildPhase;
			buildActionMask = 2147483647;
			files = (
				333A330C223113DB00806210 /* LaunchScreen.storyboard in Resources */,
				333A33142231183500806210 /* GoogleService-Info.plist in Resources */,
				333A3309223113DB00806210 /* Assets.xcassets in Resources */,
				333A3307223113DA00806210 /* Main.storyboard in Resources */,
			);
			runOnlyForDeploymentPostprocessing = 0;
		};
/* End PBXResourcesBuildPhase section */

/* Begin PBXShellScriptBuildPhase section */
		3D1DE22A5C8075C0B095FCC9 /* [CP] Check Pods Manifest.lock */ = {
			isa = PBXShellScriptBuildPhase;
			buildActionMask = 2147483647;
			files = (
			);
			inputFileListPaths = (
			);
			inputPaths = (
				"${PODS_PODFILE_DIR_PATH}/Podfile.lock",
				"${PODS_ROOT}/Manifest.lock",
			);
			name = "[CP] Check Pods Manifest.lock";
			outputFileListPaths = (
			);
			outputPaths = (
				"$(DERIVED_FILE_DIR)/Pods-iOSFirebaseSample-checkManifestLockResult.txt",
			);
			runOnlyForDeploymentPostprocessing = 0;
			shellPath = /bin/sh;
			shellScript = "diff \"${PODS_PODFILE_DIR_PATH}/Podfile.lock\" \"${PODS_ROOT}/Manifest.lock\" > /dev/null\nif [ $? != 0 ] ; then\n    # print error to STDERR\n    echo \"error: The sandbox is not in sync with the Podfile.lock. Run 'pod install' or update your CocoaPods installation.\" >&2\n    exit 1\nfi\n# This output is used by Xcode 'outputs' to avoid re-running this script phase.\necho \"SUCCESS\" > \"${SCRIPT_OUTPUT_FILE_0}\"\n";
			showEnvVarsInLog = 0;
		};
		C2901624F6E27854BEC059F3 /* [CP] Embed Pods Frameworks */ = {
			isa = PBXShellScriptBuildPhase;
			buildActionMask = 2147483647;
			files = (
			);
			inputFileListPaths = (
			);
			inputPaths = (
				"${SRCROOT}/Pods/Target Support Files/Pods-iOSFirebaseSample/Pods-iOSFirebaseSample-frameworks.sh",
				"${BUILT_PRODUCTS_DIR}/GTMSessionFetcher/GTMSessionFetcher.framework",
				"${BUILT_PRODUCTS_DIR}/GoogleUtilities/GoogleUtilities.framework",
				"${BUILT_PRODUCTS_DIR}/leveldb-library/leveldb.framework",
				"${BUILT_PRODUCTS_DIR}/nanopb/nanopb.framework",
			);
			name = "[CP] Embed Pods Frameworks";
			outputFileListPaths = (
			);
			outputPaths = (
				"${TARGET_BUILD_DIR}/${FRAMEWORKS_FOLDER_PATH}/GTMSessionFetcher.framework",
				"${TARGET_BUILD_DIR}/${FRAMEWORKS_FOLDER_PATH}/GoogleUtilities.framework",
				"${TARGET_BUILD_DIR}/${FRAMEWORKS_FOLDER_PATH}/leveldb.framework",
				"${TARGET_BUILD_DIR}/${FRAMEWORKS_FOLDER_PATH}/nanopb.framework",
			);
			runOnlyForDeploymentPostprocessing = 0;
			shellPath = /bin/sh;
			shellScript = "\"${SRCROOT}/Pods/Target Support Files/Pods-iOSFirebaseSample/Pods-iOSFirebaseSample-frameworks.sh\"\n";
			showEnvVarsInLog = 0;
		};
/* End PBXShellScriptBuildPhase section */

/* Begin PBXSourcesBuildPhase section */
		333A32FA223113DA00806210 /* Sources */ = {
			isa = PBXSourcesBuildPhase;
			buildActionMask = 2147483647;
			files = (
				336B6E41223129AE0003D154 /* DiscussionViewController.swift in Sources */,
				336B6E3B22311D430003D154 /* LoginViewController.swift in Sources */,
				071D7DA222315A4D002D609E /* CommentViewController.swift in Sources */,
				071D7DA622316F83002D609E /* CommentTableViewCell.swift in Sources */,
				336B6E3F223120A10003D154 /* MessageTool.swift in Sources */,
				333A3302223113DA00806210 /* AppDelegate.swift in Sources */,
				336B6E3D22311EE20003D154 /* RegisterViewController.swift in Sources */,
				071D7DA9223173DA002D609E /* MovieReviewModel.swift in Sources */,
				071D7DA42231600E002D609E /* FirebaseDBManager.swift in Sources */,
			);
			runOnlyForDeploymentPostprocessing = 0;
		};
/* End PBXSourcesBuildPhase section */

/* Begin PBXVariantGroup section */
		333A3305223113DA00806210 /* Main.storyboard */ = {
			isa = PBXVariantGroup;
			children = (
				333A3306223113DA00806210 /* Base */,
			);
			name = Main.storyboard;
			sourceTree = "<group>";
		};
		333A330A223113DB00806210 /* LaunchScreen.storyboard */ = {
			isa = PBXVariantGroup;
			children = (
				333A330B223113DB00806210 /* Base */,
			);
			name = LaunchScreen.storyboard;
			sourceTree = "<group>";
		};
/* End PBXVariantGroup section */

/* Begin XCBuildConfiguration section */
		333A330E223113DB00806210 /* Debug */ = {
			isa = XCBuildConfiguration;
			buildSettings = {
				ALWAYS_SEARCH_USER_PATHS = NO;
				CLANG_ANALYZER_NONNULL = YES;
				CLANG_ANALYZER_NUMBER_OBJECT_CONVERSION = YES_AGGRESSIVE;
				CLANG_CXX_LANGUAGE_STANDARD = "gnu++14";
				CLANG_CXX_LIBRARY = "libc++";
				CLANG_ENABLE_MODULES = YES;
				CLANG_ENABLE_OBJC_ARC = YES;
				CLANG_ENABLE_OBJC_WEAK = YES;
				CLANG_WARN_BLOCK_CAPTURE_AUTORELEASING = YES;
				CLANG_WARN_BOOL_CONVERSION = YES;
				CLANG_WARN_COMMA = YES;
				CLANG_WARN_CONSTANT_CONVERSION = YES;
				CLANG_WARN_DEPRECATED_OBJC_IMPLEMENTATIONS = YES;
				CLANG_WARN_DIRECT_OBJC_ISA_USAGE = YES_ERROR;
				CLANG_WARN_DOCUMENTATION_COMMENTS = YES;
				CLANG_WARN_EMPTY_BODY = YES;
				CLANG_WARN_ENUM_CONVERSION = YES;
				CLANG_WARN_INFINITE_RECURSION = YES;
				CLANG_WARN_INT_CONVERSION = YES;
				CLANG_WARN_NON_LITERAL_NULL_CONVERSION = YES;
				CLANG_WARN_OBJC_IMPLICIT_RETAIN_SELF = YES;
				CLANG_WARN_OBJC_LITERAL_CONVERSION = YES;
				CLANG_WARN_OBJC_ROOT_CLASS = YES_ERROR;
				CLANG_WARN_RANGE_LOOP_ANALYSIS = YES;
				CLANG_WARN_STRICT_PROTOTYPES = YES;
				CLANG_WARN_SUSPICIOUS_MOVE = YES;
				CLANG_WARN_UNGUARDED_AVAILABILITY = YES_AGGRESSIVE;
				CLANG_WARN_UNREACHABLE_CODE = YES;
				CLANG_WARN__DUPLICATE_METHOD_MATCH = YES;
				CODE_SIGN_IDENTITY = "iPhone Developer";
				COPY_PHASE_STRIP = NO;
				DEBUG_INFORMATION_FORMAT = dwarf;
				ENABLE_STRICT_OBJC_MSGSEND = YES;
				ENABLE_TESTABILITY = YES;
				GCC_C_LANGUAGE_STANDARD = gnu11;
				GCC_DYNAMIC_NO_PIC = NO;
				GCC_NO_COMMON_BLOCKS = YES;
				GCC_OPTIMIZATION_LEVEL = 0;
				GCC_PREPROCESSOR_DEFINITIONS = (
					"DEBUG=1",
					"$(inherited)",
				);
				GCC_WARN_64_TO_32_BIT_CONVERSION = YES;
				GCC_WARN_ABOUT_RETURN_TYPE = YES_ERROR;
				GCC_WARN_UNDECLARED_SELECTOR = YES;
				GCC_WARN_UNINITIALIZED_AUTOS = YES_AGGRESSIVE;
				GCC_WARN_UNUSED_FUNCTION = YES;
				GCC_WARN_UNUSED_VARIABLE = YES;
				IPHONEOS_DEPLOYMENT_TARGET = 12.1;
				MTL_ENABLE_DEBUG_INFO = INCLUDE_SOURCE;
				MTL_FAST_MATH = YES;
				ONLY_ACTIVE_ARCH = YES;
				SDKROOT = iphoneos;
				SWIFT_ACTIVE_COMPILATION_CONDITIONS = DEBUG;
				SWIFT_OPTIMIZATION_LEVEL = "-Onone";
			};
			name = Debug;
		};
		333A330F223113DB00806210 /* Release */ = {
			isa = XCBuildConfiguration;
			buildSettings = {
				ALWAYS_SEARCH_USER_PATHS = NO;
				CLANG_ANALYZER_NONNULL = YES;
				CLANG_ANALYZER_NUMBER_OBJECT_CONVERSION = YES_AGGRESSIVE;
				CLANG_CXX_LANGUAGE_STANDARD = "gnu++14";
				CLANG_CXX_LIBRARY = "libc++";
				CLANG_ENABLE_MODULES = YES;
				CLANG_ENABLE_OBJC_ARC = YES;
				CLANG_ENABLE_OBJC_WEAK = YES;
				CLANG_WARN_BLOCK_CAPTURE_AUTORELEASING = YES;
				CLANG_WARN_BOOL_CONVERSION = YES;
				CLANG_WARN_COMMA = YES;
				CLANG_WARN_CONSTANT_CONVERSION = YES;
				CLANG_WARN_DEPRECATED_OBJC_IMPLEMENTATIONS = YES;
				CLANG_WARN_DIRECT_OBJC_ISA_USAGE = YES_ERROR;
				CLANG_WARN_DOCUMENTATION_COMMENTS = YES;
				CLANG_WARN_EMPTY_BODY = YES;
				CLANG_WARN_ENUM_CONVERSION = YES;
				CLANG_WARN_INFINITE_RECURSION = YES;
				CLANG_WARN_INT_CONVERSION = YES;
				CLANG_WARN_NON_LITERAL_NULL_CONVERSION = YES;
				CLANG_WARN_OBJC_IMPLICIT_RETAIN_SELF = YES;
				CLANG_WARN_OBJC_LITERAL_CONVERSION = YES;
				CLANG_WARN_OBJC_ROOT_CLASS = YES_ERROR;
				CLANG_WARN_RANGE_LOOP_ANALYSIS = YES;
				CLANG_WARN_STRICT_PROTOTYPES = YES;
				CLANG_WARN_SUSPICIOUS_MOVE = YES;
				CLANG_WARN_UNGUARDED_AVAILABILITY = YES_AGGRESSIVE;
				CLANG_WARN_UNREACHABLE_CODE = YES;
				CLANG_WARN__DUPLICATE_METHOD_MATCH = YES;
				CODE_SIGN_IDENTITY = "iPhone Developer";
				COPY_PHASE_STRIP = NO;
				DEBUG_INFORMATION_FORMAT = "dwarf-with-dsym";
				ENABLE_NS_ASSERTIONS = NO;
				ENABLE_STRICT_OBJC_MSGSEND = YES;
				GCC_C_LANGUAGE_STANDARD = gnu11;
				GCC_NO_COMMON_BLOCKS = YES;
				GCC_WARN_64_TO_32_BIT_CONVERSION = YES;
				GCC_WARN_ABOUT_RETURN_TYPE = YES_ERROR;
				GCC_WARN_UNDECLARED_SELECTOR = YES;
				GCC_WARN_UNINITIALIZED_AUTOS = YES_AGGRESSIVE;
				GCC_WARN_UNUSED_FUNCTION = YES;
				GCC_WARN_UNUSED_VARIABLE = YES;
				IPHONEOS_DEPLOYMENT_TARGET = 12.1;
				MTL_ENABLE_DEBUG_INFO = NO;
				MTL_FAST_MATH = YES;
				SDKROOT = iphoneos;
				SWIFT_COMPILATION_MODE = wholemodule;
				SWIFT_OPTIMIZATION_LEVEL = "-O";
				VALIDATE_PRODUCT = YES;
			};
			name = Release;
		};
		333A3311223113DB00806210 /* Debug */ = {
			isa = XCBuildConfiguration;
			baseConfigurationReference = A1E13DD07F1ACF75AA139D37 /* Pods-iOSFirebaseSample.debug.xcconfig */;
			buildSettings = {
				ASSETCATALOG_COMPILER_APPICON_NAME = AppIcon;
				CODE_SIGN_STYLE = Automatic;
				DEVELOPMENT_TEAM = HV7YQRBGLU;
				INFOPLIST_FILE = iOSFirebaseSample/Info.plist;
				LD_RUNPATH_SEARCH_PATHS = (
					"$(inherited)",
					"@executable_path/Frameworks",
				);
				PRODUCT_BUNDLE_IDENTIFIER = com.hungclo.iOSFirebaseSample;
				PRODUCT_NAME = "$(TARGET_NAME)";
				SWIFT_VERSION = 4.2;
				TARGETED_DEVICE_FAMILY = "1,2";
			};
			name = Debug;
		};
		333A3312223113DB00806210 /* Release */ = {
			isa = XCBuildConfiguration;
			baseConfigurationReference = A607B573D922804920945A6E /* Pods-iOSFirebaseSample.release.xcconfig */;
			buildSettings = {
				ASSETCATALOG_COMPILER_APPICON_NAME = AppIcon;
				CODE_SIGN_STYLE = Automatic;
				DEVELOPMENT_TEAM = HV7YQRBGLU;
				INFOPLIST_FILE = iOSFirebaseSample/Info.plist;
				LD_RUNPATH_SEARCH_PATHS = (
					"$(inherited)",
					"@executable_path/Frameworks",
				);
				PRODUCT_BUNDLE_IDENTIFIER = com.hungclo.iOSFirebaseSample;
				PRODUCT_NAME = "$(TARGET_NAME)";
				SWIFT_VERSION = 4.2;
				TARGETED_DEVICE_FAMILY = "1,2";
			};
			name = Release;
		};
/* End XCBuildConfiguration section */

/* Begin XCConfigurationList section */
		333A32F9223113DA00806210 /* Build configuration list for PBXProject "iOSFirebaseSample" */ = {
			isa = XCConfigurationList;
			buildConfigurations = (
				333A330E223113DB00806210 /* Debug */,
				333A330F223113DB00806210 /* Release */,
			);
			defaultConfigurationIsVisible = 0;
			defaultConfigurationName = Release;
		};
		333A3310223113DB00806210 /* Build configuration list for PBXNativeTarget "iOSFirebaseSample" */ = {
			isa = XCConfigurationList;
			buildConfigurations = (
				333A3311223113DB00806210 /* Debug */,
				333A3312223113DB00806210 /* Release */,
			);
			defaultConfigurationIsVisible = 0;
			defaultConfigurationName = Release;
		};
/* End XCConfigurationList section */
	};
	rootObject = 333A32F6223113DA00806210 /* Project object */;
}
